
Microsoft Visual Studio Solution File, Format Version 12.00
# Visual Studio Version 17
VisualStudioVersion = 17.2.32526.322
MinimumVisualStudioVersion = 10.0.40219.1
Project("{9A19103F-16F7-4668-BE54-9A1E7A4F7556}") = "ToDoList", "ToDoList\ToDoList.csproj", "{2E7B0A37-EFFA-4D9C-92F1-C560CF887ED2}"
EndProject
Global
	GlobalSection(SolutionConfigurationPlatforms) = preSolution
		Debug|Any CPU = Debug|Any CPU
		Release|Any CPU = Release|Any CPU
	EndGlobalSection
	GlobalSection(ProjectConfigurationPlatforms) = postSolution
		{2E7B0A37-EFFA-4D9C-92F1-C560CF887ED2}.Debug|Any CPU.ActiveCfg = Debug|Any CPU
		{2E7B0A37-EFFA-4D9C-92F1-C560CF887ED2}.Debug|Any CPU.Build.0 = Debug|Any CPU
		{2E7B0A37-EFFA-4D9C-92F1-C560CF887ED2}.Release|Any CPU.ActiveCfg = Release|Any CPU
		{2E7B0A37-EFFA-4D9C-92F1-C560CF887ED2}.Release|Any CPU.Build.0 = Release|Any CPU
	EndGlobalSection
	GlobalSection(SolutionProperties) = preSolution
		HideSolutionNode = FALSE
	EndGlobalSection
	GlobalSection(ExtensibilityGlobals) = postSolution
		SolutionGuid = {004CFFAA-BD9C-4680-88D1-37D5B7EA1F2D}
	EndGlobalSection
EndGlobal
